
Microsoft Visual Studio Solution File, Format Version 12.00
# Visual Studio Version 17
VisualStudioVersion = 17.3.32929.385
MinimumVisualStudioVersion = 10.0.40219.1
Project("{FAE04EC0-301F-11D3-BF4B-00C04F79EFBC}") = "Picker", "Picker\Picker.csproj", "{A6656583-F677-4AFC-978E-450244309E49}"
EndProject
Project("{FAE04EC0-301F-11D3-BF4B-00C04F79EFBC}") = "Ticker", "Ticker\Ticker.csproj", "{28F2D0D8-5A06-468E-8518-7792BF7E2A62}"
EndProject
Global
	GlobalSection(SolutionConfigurationPlatforms) = preSolution
		Debug|Any CPU = Debug|Any CPU
		Release|Any CPU = Release|Any CPU
	EndGlobalSection
	GlobalSection(ProjectConfigurationPlatforms) = postSolution
		{A6656583-F677-4AFC-978E-450244309E49}.Debug|Any CPU.ActiveCfg = Debug|Any CPU
		{A6656583-F677-4AFC-978E-450244309E49}.Debug|Any CPU.Build.0 = Debug|Any CPU
		{A6656583-F677-4AFC-978E-450244309E49}.Release|Any CPU.ActiveCfg = Release|Any CPU
		{A6656583-F677-4AFC-978E-450244309E49}.Release|Any CPU.Build.0 = Release|Any CPU
		{28F2D0D8-5A06-468E-8518-7792BF7E2A62}.Debug|Any CPU.ActiveCfg = Debug|Any CPU
		{28F2D0D8-5A06-468E-8518-7792BF7E2A62}.Debug|Any CPU.Build.0 = Debug|Any CPU
		{28F2D0D8-5A06-468E-8518-7792BF7E2A62}.Release|Any CPU.ActiveCfg = Release|Any CPU
		{28F2D0D8-5A06-468E-8518-7792BF7E2A62}.Release|Any CPU.Build.0 = Release|Any CPU
	EndGlobalSection
	GlobalSection(SolutionProperties) = preSolution
		HideSolutionNode = FALSE
	EndGlobalSection
	GlobalSection(ExtensibilityGlobals) = postSolution
		SolutionGuid = {8AF71FF3-5742-4FB4-B8CB-5D7E300BCC79}
	EndGlobalSection
EndGlobal
